
Microsoft Visual Studio Solution File, Format Version 12.00
# Visual Studio Version 16
VisualStudioVersion = 16.0.31729.503
MinimumVisualStudioVersion = 10.0.40219.1
Project("{FAE04EC0-301F-11D3-BF4B-00C04F79EFBC}") = "FinalProjectModule_10", "FinalProjectModule_10.csproj", "{B229CA41-C834-4D24-8083-E0184DCF2B05}"
EndProject
Global
	GlobalSection(SolutionConfigurationPlatforms) = preSolution
		Debug|Any CPU = Debug|Any CPU
		Release|Any CPU = Release|Any CPU
	EndGlobalSection
	GlobalSection(ProjectConfigurationPlatforms) = postSolution
		{B229CA41-C834-4D24-8083-E0184DCF2B05}.Debug|Any CPU.ActiveCfg = Debug|Any CPU
		{B229CA41-C834-4D24-8083-E0184DCF2B05}.Debug|Any CPU.Build.0 = Debug|Any CPU
		{B229CA41-C834-4D24-8083-E0184DCF2B05}.Release|Any CPU.ActiveCfg = Release|Any CPU
		{B229CA41-C834-4D24-8083-E0184DCF2B05}.Release|Any CPU.Build.0 = Release|Any CPU
	EndGlobalSection
	GlobalSection(SolutionProperties) = preSolution
		HideSolutionNode = FALSE
	EndGlobalSection
	GlobalSection(ExtensibilityGlobals) = postSolution
		SolutionGuid = {024E249E-2AAC-4AFE-9CBC-943EA6E4333A}
	EndGlobalSection
EndGlobal
